
Microsoft Visual Studio Solution File, Format Version 12.00
# Visual Studio Version 16
VisualStudioVersion = 16.0.32002.261
MinimumVisualStudioVersion = 10.0.40219.1
Project("{FAE04EC0-301F-11D3-BF4B-00C04F79EFBC}") = "WindowsFormsApp1", "WindowsFormsApp1\WindowsFormsApp1.csproj", "{F39D6838-1785-4A3E-BA76-92EE305141C2}"
EndProject
Project("{FAE04EC0-301F-11D3-BF4B-00C04F79EFBC}") = "FastBitmap", "FastBitmap\FastBitmap.csproj", "{583ACFAC-E7BF-4190-A1B7-17312178DF25}"
EndProject
Project("{FAE04EC0-301F-11D3-BF4B-00C04F79EFBC}") = "ConsoleApp2", "ConsoleApp2\ConsoleApp2.csproj", "{E09A4355-369C-4120-B1CA-4FC159696BFD}"
EndProject
Global
	GlobalSection(SolutionConfigurationPlatforms) = preSolution
		Debug|Any CPU = Debug|Any CPU
		Release|Any CPU = Release|Any CPU
	EndGlobalSection
	GlobalSection(ProjectConfigurationPlatforms) = postSolution
		{F39D6838-1785-4A3E-BA76-92EE305141C2}.Debug|Any CPU.ActiveCfg = Debug|Any CPU
		{F39D6838-1785-4A3E-BA76-92EE305141C2}.Debug|Any CPU.Build.0 = Debug|Any CPU
		{F39D6838-1785-4A3E-BA76-92EE305141C2}.Release|Any CPU.ActiveCfg = Release|Any CPU
		{F39D6838-1785-4A3E-BA76-92EE305141C2}.Release|Any CPU.Build.0 = Release|Any CPU
		{583ACFAC-E7BF-4190-A1B7-17312178DF25}.Debug|Any CPU.ActiveCfg = Debug|Any CPU
		{583ACFAC-E7BF-4190-A1B7-17312178DF25}.Debug|Any CPU.Build.0 = Debug|Any CPU
		{583ACFAC-E7BF-4190-A1B7-17312178DF25}.Release|Any CPU.ActiveCfg = Release|Any CPU
		{583ACFAC-E7BF-4190-A1B7-17312178DF25}.Release|Any CPU.Build.0 = Release|Any CPU
		{E09A4355-369C-4120-B1CA-4FC159696BFD}.Debug|Any CPU.ActiveCfg = Debug|Any CPU
		{E09A4355-369C-4120-B1CA-4FC159696BFD}.Debug|Any CPU.Build.0 = Debug|Any CPU
		{E09A4355-369C-4120-B1CA-4FC159696BFD}.Release|Any CPU.ActiveCfg = Release|Any CPU
		{E09A4355-369C-4120-B1CA-4FC159696BFD}.Release|Any CPU.Build.0 = Release|Any CPU
	EndGlobalSection
	GlobalSection(SolutionProperties) = preSolution
		HideSolutionNode = FALSE
	EndGlobalSection
	GlobalSection(ExtensibilityGlobals) = postSolution
		SolutionGuid = {5E2220FF-CB5B-447F-9A81-21675F91A327}
	EndGlobalSection
EndGlobal
